// !$*UTF8*$!
{
	archiveVersion = 1;
	classes = {
	};
	objectVersion = 46;
	objects = {

/* Begin PBXBuildFile section */
		304026671D5CFD3E00CC65D8 /* GCDAsyncSocket.m in Sources */ = {isa = PBXBuildFile; fileRef = 304026661D5CFD3E00CC65D8 /* GCDAsyncSocket.m */; };
		304F20691B27FC8D00995372 /* AppDelegate.m in Sources */ = {isa = PBXBuildFile; fileRef = 304F20681B27FC8D00995372 /* AppDelegate.m */; };
		304F206B1B27FC8D00995372 /* main.m in Sources */ = {isa = PBXBuildFile; fileRef = 304F206A1B27FC8D00995372 /* main.m */; };
		304F206D1B27FC8D00995372 /* Images.xcassets in Resources */ = {isa = PBXBuildFile; fileRef = 304F206C1B27FC8D00995372 /* Images.xcassets */; };
		304F20701B27FC8D00995372 /* MainMenu.xib in Resources */ = {isa = PBXBuildFile; fileRef = 304F206E1B27FC8D00995372 /* MainMenu.xib */; };
		304F20901B28061400995372 /* IMTOSCQueryServer.m in Sources */ = {isa = PBXBuildFile; fileRef = 304F208F1B28061400995372 /* IMTOSCQueryServer.m */; };
		304F20931B28196D00995372 /* IMTOSCQueryClient.m in Sources */ = {isa = PBXBuildFile; fileRef = 304F20921B28196D00995372 /* IMTOSCQueryClient.m */; };
		304F20971B295DD800995372 /* IMTOSCQueryHTTPHeader.m in Sources */ = {isa = PBXBuildFile; fileRef = 304F20961B295DD800995372 /* IMTOSCQueryHTTPHeader.m */; };
		30A000012E1D230100000001 /* OSCQuery.framework in Frameworks */ = {isa = PBXBuildFile; fileRef = 30A0000C2E1D230100000001 /* OSCQuery.framework */; };
		30A000022E1D230100000001 /* OSCQuery.framework in Embed Frameworks */ = {isa = PBXBuildFile; fileRef = 30A0000C2E1D230100000001 /* OSCQuery.framework */; settings = {ATTRIBUTES = (CodeSignOnCopy, RemoveHeadersOnCopy, ); }; };
		30A000032E1D230100000001 /* OSCQuery.h in Headers */ = {isa = PBXBuildFile; fileRef = 30A0000B2E1D230100000001 /* OSCQuery.h */; settings = {ATTRIBUTES = (Public, ); }; };
		30A000042E1D230100000001 /* IMTOSCQueryDefinitions.h in Headers */ = {isa = PBXBuildFile; fileRef = 304F20941B286F3000995372 /* IMTOSCQueryDefinitions.h */; settings = {ATTRIBUTES = (Public, ); }; };
		30A000052E1D230100000001 /* IMTOSCQueryHTTPHeader.h in Headers */ = {isa = PBXBuildFile; fileRef = 304F20951B295DD800995372 /* IMTOSCQueryHTTPHeader.h */; settings = {ATTRIBUTES = (Public, ); }; };
		30A000062E1D230100000001 /* IMTOSCQueryServer.h in Headers */ = {isa = PBXBuildFile; fileRef = 304F208E1B28061400995372 /* IMTOSCQueryServer.h */; settings = {ATTRIBUTES = (Public, ); }; };
		30A000072E1D230100000001 /* IMTOSCQueryClient.h in Headers */ = {isa = PBXBuildFile; fileRef = 304F20911B28196D00995372 /* IMTOSCQueryClient.h */; settings = {ATTRIBUTES = (Public, ); }; };
		30A000082E1D230100000001 /* IMTOSCQueryClientDelegate.h in Headers */ = {isa = PBXBuildFile; fileRef = 302100E91B2AA5D500514093 /* IMTOSCQueryClientDelegate.h */; settings = {ATTRIBUTES = (Public, ); }; };
		30A000092E1D230100000001 /* IMTOSCQueryHTMLContentProvider.h in Headers */ = {isa = PBXBuildFile; fileRef = 3015BF282E0D7E05007E397C /* IMTOSCQueryHTMLContentProvider.h */; settings = {ATTRIBUTES = (Public, ); }; };
		30A0000A2E1D230100000001 /* GCDAsyncSocket.h in Headers */ = {isa = PBXBuildFile; fileRef = 304026651D5CFD3E00CC65D8 /* GCDAsyncSocket.h */; settings = {ATTRIBUTES = (Private, ); }; };
/* End PBXBuildFile section */

/* Begin PBXContainerItemProxy section */
		30A000132E1D230100000001 /* PBXContainerItemProxy */ = {
			isa = PBXContainerItemProxy;
			containerPortal = 304F205A1B27FC8D00995372 /* Project object */;
			proxyType = 1;
			remoteGlobalIDString = 30A000112E1D230100000001;
			remoteInfo = OSCQuery;
		};
/* End PBXContainerItemProxy section */

/* Begin PBXCopyFilesBuildPhase section */
		30A0000D2E1D230100000001 /* Embed Frameworks */ = {
			isa = PBXCopyFilesBuildPhase;
			buildActionMask = 2147483647;
			dstPath = "";
			dstSubfolderSpec = 10;
			files = (
				30A000022E1D230100000001 /* OSCQuery.framework in Embed Frameworks */,
			);
			name = "Embed Frameworks";
			runOnlyForDeploymentPostprocessing = 0;
		};
/* End PBXCopyFilesBuildPhase section */

/* Begin PBXFileReference section */
		3015BF282E0D7E05007E397C /* IMTOSCQueryHTMLContentProvider.h */ = {isa = PBXFileReference; lastKnownFileType = sourcecode.c.h; path = IMTOSCQueryHTMLContentProvider.h; sourceTree = "<group>"; };
		302100E91B2AA5D500514093 /* IMTOSCQueryClientDelegate.h */ = {isa = PBXFileReference; fileEncoding = 4; lastKnownFileType = sourcecode.c.h; path = IMTOSCQueryClientDelegate.h; sourceTree = "<group>"; };
		304026651D5CFD3E00CC65D8 /* GCDAsyncSocket.h */ = {isa = PBXFileReference; fileEncoding = 4; lastKnownFileType = sourcecode.c.h; name = GCDAsyncSocket.h; path = Vendor/CocoaAsyncSocket/GCDAsyncSocket.h; sourceTree = "<group>"; };
		304026661D5CFD3E00CC65D8 /* GCDAsyncSocket.m */ = {isa = PBXFileReference; fileEncoding = 4; lastKnownFileType = sourcecode.c.objc; name = GCDAsyncSocket.m; path = Vendor/CocoaAsyncSocket/GCDAsyncSocket.m; sourceTree = "<group>"; };
		304F20621B27FC8D00995372 /* OSCQueryTest.app */ = {isa = PBXFileReference; explicitFileType = wrapper.application; includeInIndex = 0; path = OSCQueryTest.app; sourceTree = BUILT_PRODUCTS_DIR; };
		304F20661B27FC8D00995372 /* Info.plist */ = {isa = PBXFileReference; lastKnownFileType = text.plist.xml; path = Info.plist; sourceTree = "<group>"; };
		304F20671B27FC8D00995372 /* AppDelegate.h */ = {isa = PBXFileReference; lastKnownFileType = sourcecode.c.h; lineEnding = 0; path = AppDelegate.h; sourceTree = "<group>"; xcLanguageSpecificationIdentifier = xcode.lang.objcpp; };
		304F20681B27FC8D00995372 /* AppDelegate.m */ = {isa = PBXFileReference; lastKnownFileType = sourcecode.c.objc; path = AppDelegate.m; sourceTree = "<group>"; };
		304F206A1B27FC8D00995372 /* main.m */ = {isa = PBXFileReference; lastKnownFileType = sourcecode.c.objc; path = main.m; sourceTree = "<group>"; };
		304F206C1B27FC8D00995372 /* Images.xcassets */ = {isa = PBXFileReference; lastKnownFileType = folder.assetcatalog; path = Images.xcassets; sourceTree = "<group>"; };
		304F206F1B27FC8D00995372 /* Base */ = {isa = PBXFileReference; lastKnownFileType = file.xib; name = Base; path = Base.lproj/MainMenu.xib; sourceTree = "<group>"; };
		304F208E1B28061400995372 /* IMTOSCQueryServer.h */ = {isa = PBXFileReference; fileEncoding = 4; lastKnownFileType = sourcecode.c.h; path = IMTOSCQueryServer.h; sourceTree = "<group>"; };
		304F208F1B28061400995372 /* IMTOSCQueryServer.m */ = {isa = PBXFileReference; fileEncoding = 4; lastKnownFileType = sourcecode.c.objc; path = IMTOSCQueryServer.m; sourceTree = "<group>"; };
		304F20911B28196D00995372 /* IMTOSCQueryClient.h */ = {isa = PBXFileReference; fileEncoding = 4; lastKnownFileType = sourcecode.c.h; path = IMTOSCQueryClient.h; sourceTree = "<group>"; };
		304F20921B28196D00995372 /* IMTOSCQueryClient.m */ = {isa = PBXFileReference; fileEncoding = 4; lastKnownFileType = sourcecode.c.objc; path = IMTOSCQueryClient.m; sourceTree = "<group>"; };
		304F20941B286F3000995372 /* IMTOSCQueryDefinitions.h */ = {isa = PBXFileReference; lastKnownFileType = sourcecode.c.h; path = IMTOSCQueryDefinitions.h; sourceTree = "<group>"; };
		304F20951B295DD800995372 /* IMTOSCQueryHTTPHeader.h */ = {isa = PBXFileReference; fileEncoding = 4; lastKnownFileType = sourcecode.c.h; path = IMTOSCQueryHTTPHeader.h; sourceTree = "<group>"; };
		304F20961B295DD800995372 /* IMTOSCQueryHTTPHeader.m */ = {isa = PBXFileReference; fileEncoding = 4; lastKnownFileType = sourcecode.c.objc; path = IMTOSCQueryHTTPHeader.m; sourceTree = "<group>"; };
		30A0000B2E1D230100000001 /* OSCQuery.h */ = {isa = PBXFileReference; fileEncoding = 4; lastKnownFileType = sourcecode.c.h; path = OSCQuery.h; sourceTree = "<group>"; };
		30A0000C2E1D230100000001 /* OSCQuery.framework */ = {isa = PBXFileReference; explicitFileType = wrapper.framework; includeInIndex = 0; path = OSCQuery.framework; sourceTree = BUILT_PRODUCTS_DIR; };
/* End PBXFileReference section */

/* Begin PBXFrameworksBuildPhase section */
		304F205F1B27FC8D00995372 /* Frameworks */ = {
			isa = PBXFrameworksBuildPhase;
			buildActionMask = 2147483647;
			files = (
				30A000012E1D230100000001 /* OSCQuery.framework in Frameworks */,
			);
			runOnlyForDeploymentPostprocessing = 0;
		};
		30A0000E2E1D230100000001 /* Frameworks */ = {
			isa = PBXFrameworksBuildPhase;
			buildActionMask = 2147483647;
			files = (
			);
			runOnlyForDeploymentPostprocessing = 0;
		};
/* End PBXFrameworksBuildPhase section */

/* Begin PBXGroup section */
		304F20591B27FC8D00995372 = {
			isa = PBXGroup;
			children = (
				304F20641B27FC8D00995372 /* OSCQueryTest */,
				304F20631B27FC8D00995372 /* Products */,
			);
			sourceTree = "<group>";
		};
		304F20631B27FC8D00995372 /* Products */ = {
			isa = PBXGroup;
			children = (
				304F20621B27FC8D00995372 /* OSCQueryTest.app */,
				30A0000C2E1D230100000001 /* OSCQuery.framework */,
			);
			name = Products;
			sourceTree = "<group>";
		};
		304F20641B27FC8D00995372 /* OSCQueryTest */ = {
			isa = PBXGroup;
			children = (
				30A0000B2E1D230100000001 /* OSCQuery.h */,
				304F20941B286F3000995372 /* IMTOSCQueryDefinitions.h */,
				304F20951B295DD800995372 /* IMTOSCQueryHTTPHeader.h */,
				304F20961B295DD800995372 /* IMTOSCQueryHTTPHeader.m */,
				304F208E1B28061400995372 /* IMTOSCQueryServer.h */,
				304F208F1B28061400995372 /* IMTOSCQueryServer.m */,
				304F20911B28196D00995372 /* IMTOSCQueryClient.h */,
				304F20921B28196D00995372 /* IMTOSCQueryClient.m */,
				302100E91B2AA5D500514093 /* IMTOSCQueryClientDelegate.h */,
				3015BF282E0D7E05007E397C /* IMTOSCQueryHTMLContentProvider.h */,
				304F208B1B28037400995372 /* External code */,
				304F20671B27FC8D00995372 /* AppDelegate.h */,
				304F20681B27FC8D00995372 /* AppDelegate.m */,
				304F206C1B27FC8D00995372 /* Images.xcassets */,
				304F206E1B27FC8D00995372 /* MainMenu.xib */,
				304F20651B27FC8D00995372 /* Supporting Files */,
			);
			path = OSCQueryTest;
			sourceTree = "<group>";
		};
		304F20651B27FC8D00995372 /* Supporting Files */ = {
			isa = PBXGroup;
			children = (
				304F20661B27FC8D00995372 /* Info.plist */,
				304F206A1B27FC8D00995372 /* main.m */,
			);
			name = "Supporting Files";
			sourceTree = "<group>";
		};
		304F208B1B28037400995372 /* External code */ = {
			isa = PBXGroup;
			children = (
				304026651D5CFD3E00CC65D8 /* GCDAsyncSocket.h */,
				304026661D5CFD3E00CC65D8 /* GCDAsyncSocket.m */,
			);
			name = "External code";
			sourceTree = "<group>";
		};
/* End PBXGroup section */

/* Begin PBXNativeTarget section */
		304F20611B27FC8D00995372 /* OSCQueryTest */ = {
			isa = PBXNativeTarget;
			buildConfigurationList = 304F207F1B27FC8D00995372 /* Build configuration list for PBXNativeTarget "OSCQueryTest" */;
			buildPhases = (
				304F205E1B27FC8D00995372 /* Sources */,
				304F205F1B27FC8D00995372 /* Frameworks */,
				304F20601B27FC8D00995372 /* Resources */,
				30A0000D2E1D230100000001 /* Embed Frameworks */,
			);
			buildRules = (
			);
			dependencies = (
				30A000142E1D230100000001 /* PBXTargetDependency */,
			);
			name = OSCQueryTest;
			productName = OSCQueryTest;
			productReference = 304F20621B27FC8D00995372 /* OSCQueryTest.app */;
			productType = "com.apple.product-type.application";
		};
		30A000112E1D230100000001 /* OSCQuery */ = {
			isa = PBXNativeTarget;
			buildConfigurationList = 30A000122E1D230100000001 /* Build configuration list for PBXNativeTarget "OSCQuery" */;
			buildPhases = (
				30A0000F2E1D230100000001 /* Headers */,
				30A000102E1D230100000001 /* Sources */,
				30A0000E2E1D230100000001 /* Frameworks */,
			);
			buildRules = (
			);
			dependencies = (
			);
			name = OSCQuery;
			productName = OSCQuery;
			productReference = 30A0000C2E1D230100000001 /* OSCQuery.framework */;
			productType = "com.apple.product-type.framework";
		};
/* End PBXNativeTarget section */

/* Begin PBXProject section */
		304F205A1B27FC8D00995372 /* Project object */ = {
			isa = PBXProject;
			attributes = {
				LastUpgradeCheck = 0630;
				ORGANIZATIONNAME = "Imimot Kft.";
				TargetAttributes = {
					304F20611B27FC8D00995372 = {
						CreatedOnToolsVersion = 6.3.1;
						DevelopmentTeam = 783MCE78HT;
						ProvisioningStyle = Manual;
					};
					30A000112E1D230100000001 = {
						CreatedOnToolsVersion = 6.3.1;
					};
				};
			};
			buildConfigurationList = 304F205D1B27FC8D00995372 /* Build configuration list for PBXProject "OSCQueryTest" */;
			compatibilityVersion = "Xcode 3.2";
			developmentRegion = English;
			hasScannedForEncodings = 0;
			knownRegions = (
				English,
				en,
				Base,
			);
			mainGroup = 304F20591B27FC8D00995372;
			productRefGroup = 304F20631B27FC8D00995372 /* Products */;
			projectDirPath = "";
			projectRoot = "";
			targets = (
				304F20611B27FC8D00995372 /* OSCQueryTest */,
				30A000112E1D230100000001 /* OSCQuery */,
			);
		};
/* End PBXProject section */

/* Begin PBXResourcesBuildPhase section */
		304F20601B27FC8D00995372 /* Resources */ = {
			isa = PBXResourcesBuildPhase;
			buildActionMask = 2147483647;
			files = (
				304F206D1B27FC8D00995372 /* Images.xcassets in Resources */,
				304F20701B27FC8D00995372 /* MainMenu.xib in Resources */,
			);
			runOnlyForDeploymentPostprocessing = 0;
		};
/* End PBXResourcesBuildPhase section */

/* Begin PBXHeadersBuildPhase section */
		30A0000F2E1D230100000001 /* Headers */ = {
			isa = PBXHeadersBuildPhase;
			buildActionMask = 2147483647;
			files = (
				30A000032E1D230100000001 /* OSCQuery.h in Headers */,
				30A000042E1D230100000001 /* IMTOSCQueryDefinitions.h in Headers */,
				30A000052E1D230100000001 /* IMTOSCQueryHTTPHeader.h in Headers */,
				30A000062E1D230100000001 /* IMTOSCQueryServer.h in Headers */,
				30A000072E1D230100000001 /* IMTOSCQueryClient.h in Headers */,
				30A000082E1D230100000001 /* IMTOSCQueryClientDelegate.h in Headers */,
				30A000092E1D230100000001 /* IMTOSCQueryHTMLContentProvider.h in Headers */,
				30A0000A2E1D230100000001 /* GCDAsyncSocket.h in Headers */,
			);
			runOnlyForDeploymentPostprocessing = 0;
		};
/* End PBXHeadersBuildPhase section */

/* Begin PBXSourcesBuildPhase section */
		304F205E1B27FC8D00995372 /* Sources */ = {
			isa = PBXSourcesBuildPhase;
			buildActionMask = 2147483647;
			files = (
				304F206B1B27FC8D00995372 /* main.m in Sources */,
				304F20691B27FC8D00995372 /* AppDelegate.m in Sources */,
			);
			runOnlyForDeploymentPostprocessing = 0;
		};
		30A000102E1D230100000001 /* Sources */ = {
			isa = PBXSourcesBuildPhase;
			buildActionMask = 2147483647;
			files = (
				304F20971B295DD800995372 /* IMTOSCQueryHTTPHeader.m in Sources */,
				304F20901B28061400995372 /* IMTOSCQueryServer.m in Sources */,
				304F20931B28196D00995372 /* IMTOSCQueryClient.m in Sources */,
				304026671D5CFD3E00CC65D8 /* GCDAsyncSocket.m in Sources */,
			);
			runOnlyForDeploymentPostprocessing = 0;
		};
/* End PBXSourcesBuildPhase section */

/* Begin PBXTargetDependency section */
		30A000142E1D230100000001 /* PBXTargetDependency */ = {
			isa = PBXTargetDependency;
			target = 30A000112E1D230100000001 /* OSCQuery */;
			targetProxy = 30A000132E1D230100000001 /* PBXContainerItemProxy */;
		};
/* End PBXTargetDependency section */

/* Begin PBXVariantGroup section */
		304F206E1B27FC8D00995372 /* MainMenu.xib */ = {
			isa = PBXVariantGroup;
			children = (
				304F206F1B27FC8D00995372 /* Base */,
			);
			name = MainMenu.xib;
			sourceTree = "<group>";
		};
/* End PBXVariantGroup section */

/* Begin XCBuildConfiguration section */
		304F207D1B27FC8D00995372 /* Debug */ = {
			isa = XCBuildConfiguration;
			buildSettings = {
				ALWAYS_SEARCH_USER_PATHS = NO;
				CLANG_CXX_LANGUAGE_STANDARD = "gnu++0x";
				CLANG_CXX_LIBRARY = "libc++";
				CLANG_ENABLE_MODULES = YES;
				CLANG_ENABLE_OBJC_ARC = YES;
				CLANG_WARN_BOOL_CONVERSION = YES;
				CLANG_WARN_CONSTANT_CONVERSION = YES;
				CLANG_WARN_DIRECT_OBJC_ISA_USAGE = YES_ERROR;
				CLANG_WARN_EMPTY_BODY = YES;
				CLANG_WARN_ENUM_CONVERSION = YES;
				CLANG_WARN_INT_CONVERSION = YES;
				CLANG_WARN_OBJC_ROOT_CLASS = YES_ERROR;
				CLANG_WARN_UNREACHABLE_CODE = YES;
				CLANG_WARN__DUPLICATE_METHOD_MATCH = YES;
				CODE_SIGN_IDENTITY = "-";
				COPY_PHASE_STRIP = NO;
				DEBUG_INFORMATION_FORMAT = dwarf;
				ENABLE_STRICT_OBJC_MSGSEND = YES;
				GCC_C_LANGUAGE_STANDARD = gnu99;
				GCC_DYNAMIC_NO_PIC = NO;
				GCC_NO_COMMON_BLOCKS = YES;
				GCC_OPTIMIZATION_LEVEL = 0;
				GCC_PREPROCESSOR_DEFINITIONS = (
					"DEBUG=1",
					"$(inherited)",
				);
				GCC_SYMBOLS_PRIVATE_EXTERN = NO;
				GCC_WARN_64_TO_32_BIT_CONVERSION = YES;
				GCC_WARN_ABOUT_RETURN_TYPE = YES_ERROR;
				GCC_WARN_UNDECLARED_SELECTOR = YES;
				GCC_WARN_UNINITIALIZED_AUTOS = YES_AGGRESSIVE;
				GCC_WARN_UNUSED_FUNCTION = YES;
				GCC_WARN_UNUSED_VARIABLE = YES;
				MACOSX_DEPLOYMENT_TARGET = 10.10;
				MTL_ENABLE_DEBUG_INFO = YES;
				ONLY_ACTIVE_ARCH = YES;
				SDKROOT = macosx;
			};
			name = Debug;
		};
		304F207E1B27FC8D00995372 /* Release */ = {
			isa = XCBuildConfiguration;
			buildSettings = {
				ALWAYS_SEARCH_USER_PATHS = NO;
				CLANG_CXX_LANGUAGE_STANDARD = "gnu++0x";
				CLANG_CXX_LIBRARY = "libc++";
				CLANG_ENABLE_MODULES = YES;
				CLANG_ENABLE_OBJC_ARC = YES;
				CLANG_WARN_BOOL_CONVERSION = YES;
				CLANG_WARN_CONSTANT_CONVERSION = YES;
				CLANG_WARN_DIRECT_OBJC_ISA_USAGE = YES_ERROR;
				CLANG_WARN_EMPTY_BODY = YES;
				CLANG_WARN_ENUM_CONVERSION = YES;
				CLANG_WARN_INT_CONVERSION = YES;
				CLANG_WARN_OBJC_ROOT_CLASS = YES_ERROR;
				CLANG_WARN_UNREACHABLE_CODE = YES;
				CLANG_WARN__DUPLICATE_METHOD_MATCH = YES;
				CODE_SIGN_IDENTITY = "-";
				COPY_PHASE_STRIP = NO;
				DEBUG_INFORMATION_FORMAT = "dwarf-with-dsym";
				ENABLE_NS_ASSERTIONS = NO;
				ENABLE_STRICT_OBJC_MSGSEND = YES;
				GCC_C_LANGUAGE_STANDARD = gnu99;
				GCC_NO_COMMON_BLOCKS = YES;
				GCC_WARN_64_TO_32_BIT_CONVERSION = YES;
				GCC_WARN_ABOUT_RETURN_TYPE = YES_ERROR;
				GCC_WARN_UNDECLARED_SELECTOR = YES;
				GCC_WARN_UNINITIALIZED_AUTOS = YES_AGGRESSIVE;
				GCC_WARN_UNUSED_FUNCTION = YES;
				GCC_WARN_UNUSED_VARIABLE = YES;
				MACOSX_DEPLOYMENT_TARGET = 10.10;
				MTL_ENABLE_DEBUG_INFO = NO;
				SDKROOT = macosx;
			};
			name = Release;
		};
		304F20801B27FC8D00995372 /* Debug */ = {
			isa = XCBuildConfiguration;
			buildSettings = {
				ASSETCATALOG_COMPILER_APPICON_NAME = AppIcon;
				CODE_SIGN_IDENTITY = "Developer ID Application";
				COMBINE_HIDPI_IMAGES = YES;
				DEVELOPMENT_TEAM = 783MCE78HT;
				INFOPLIST_FILE = OSCQueryTest/Info.plist;
				LD_RUNPATH_SEARCH_PATHS = "$(inherited) @executable_path/../Frameworks";
				PRODUCT_NAME = "$(TARGET_NAME)";
			};
			name = Debug;
		};
		304F20811B27FC8D00995372 /* Release */ = {
			isa = XCBuildConfiguration;
			buildSettings = {
				ASSETCATALOG_COMPILER_APPICON_NAME = AppIcon;
				CODE_SIGN_IDENTITY = "Developer ID Application";
				COMBINE_HIDPI_IMAGES = YES;
				DEVELOPMENT_TEAM = 783MCE78HT;
				INFOPLIST_FILE = OSCQueryTest/Info.plist;
				LD_RUNPATH_SEARCH_PATHS = "$(inherited) @executable_path/../Frameworks";
				PRODUCT_NAME = "$(TARGET_NAME)";
			};
			name = Release;
		};
		30A000152E1D230100000001 /* Debug */ = {
			isa = XCBuildConfiguration;
			buildSettings = {
				CODE_SIGN_IDENTITY = "-";
				DEFINES_MODULE = YES;
				DYLIB_COMPATIBILITY_VERSION = 1;
				DYLIB_CURRENT_VERSION = 1;
				GENERATE_INFOPLIST_FILE = YES;
				INSTALL_PATH = "@rpath";
				PRODUCT_BUNDLE_IDENTIFIER = com.imimot.OSCQuery;
				PRODUCT_NAME = "$(TARGET_NAME)";
				SKIP_INSTALL = YES;
			};
			name = Debug;
		};
		30A000162E1D230100000001 /* Release */ = {
			isa = XCBuildConfiguration;
			buildSettings = {
				CODE_SIGN_IDENTITY = "-";
				DEFINES_MODULE = YES;
				DYLIB_COMPATIBILITY_VERSION = 1;
				DYLIB_CURRENT_VERSION = 1;
				GENERATE_INFOPLIST_FILE = YES;
				INSTALL_PATH = "@rpath";
				PRODUCT_BUNDLE_IDENTIFIER = com.imimot.OSCQuery;
				PRODUCT_NAME = "$(TARGET_NAME)";
				SKIP_INSTALL = YES;
			};
			name = Release;
		};
/* End XCBuildConfiguration section */

/* Begin XCConfigurationList section */
		304F205D1B27FC8D00995372 /* Build configuration list for PBXProject "OSCQueryTest" */ = {
			isa = XCConfigurationList;
			buildConfigurations = (
				304F207D1B27FC8D00995372 /* Debug */,
				304F207E1B27FC8D00995372 /* Release */,
			);
			defaultConfigurationIsVisible = 0;
			defaultConfigurationName = Release;
		};
		304F207F1B27FC8D00995372 /* Build configuration list for PBXNativeTarget "OSCQueryTest" */ = {
			isa = XCConfigurationList;
			buildConfigurations = (
				304F20801B27FC8D00995372 /* Debug */,
				304F20811B27FC8D00995372 /* Release */,
			);
			defaultConfigurationIsVisible = 0;
			defaultConfigurationName = Release;
		};
		30A000122E1D230100000001 /* Build configuration list for PBXNativeTarget "OSCQuery" */ = {
			isa = XCConfigurationList;
			buildConfigurations = (
				30A000152E1D230100000001 /* Debug */,
				30A000162E1D230100000001 /* Release */,
			);
			defaultConfigurationIsVisible = 0;
			defaultConfigurationName = Release;
		};
/* End XCConfigurationList section */
	};
	rootObject = 304F205A1B27FC8D00995372 /* Project object */;
}
